// !$*UTF8*$!
{
	archiveVersion = 1;
	classes = {
	};
	objectVersion = 55;
	objects = {

/* Begin PBXBuildFile section */
		0D2D2AF8767CA591DED37D6F /* Pods_FireBaseLoginDemo_FireBaseLoginDemoUITests.framework in Frameworks */ = {isa = PBXBuildFile; fileRef = BF562E721C6E5160E1838D28 /* Pods_FireBaseLoginDemo_FireBaseLoginDemoUITests.framework */; };
		54788A831095358268DEFE62 /* Pods_FireBaseLoginDemoTests.framework in Frameworks */ = {isa = PBXBuildFile; fileRef = 448B3E98322A80AE01B02786 /* Pods_FireBaseLoginDemoTests.framework */; };
		6D7068D69F9B097F222208FC /* Pods_FireBaseLoginDemo.framework in Frameworks */ = {isa = PBXBuildFile; fileRef = B0117897E19AD763D31BF1CD /* Pods_FireBaseLoginDemo.framework */; };
		AC0B18142B146A9F00B67F15 /* GoogleService-Info.plist in Resources */ = {isa = PBXBuildFile; fileRef = AC0B18132B146A9F00B67F15 /* GoogleService-Info.plist */; };
		AC0B18162B1470C600B67F15 /* Login.swift in Sources */ = {isa = PBXBuildFile; fileRef = AC0B18152B1470C600B67F15 /* Login.swift */; };
		AC0B18182B14711B00B67F15 /* Register.swift in Sources */ = {isa = PBXBuildFile; fileRef = AC0B18172B14711B00B67F15 /* Register.swift */; };
		AC0B181A2B14715500B67F15 /* ErrorView.swift in Sources */ = {isa = PBXBuildFile; fileRef = AC0B18192B14715500B67F15 /* ErrorView.swift */; };
		AC0B181C2B1471D300B67F15 /* HomeScreen.swift in Sources */ = {isa = PBXBuildFile; fileRef = AC0B181B2B1471D300B67F15 /* HomeScreen.swift */; };
		AC489D742B16113B00E99791 /* Login1.swift in Sources */ = {isa = PBXBuildFile; fileRef = AC489D732B16113B00E99791 /* Login1.swift */; };
		AC6333D12B1746DD0093F71B /* ContentView1.swift in Sources */ = {isa = PBXBuildFile; fileRef = AC6333D02B1746DD0093F71B /* ContentView1.swift */; };
		AC8DFDE32B121151006AE016 /* FireBaseLoginDemoApp.swift in Sources */ = {isa = PBXBuildFile; fileRef = AC8DFDE22B121151006AE016 /* FireBaseLoginDemoApp.swift */; };
		AC8DFDE52B121151006AE016 /* ContentView.swift in Sources */ = {isa = PBXBuildFile; fileRef = AC8DFDE42B121151006AE016 /* ContentView.swift */; };
		AC8DFDE72B121153006AE016 /* Assets.xcassets in Resources */ = {isa = PBXBuildFile; fileRef = AC8DFDE62B121153006AE016 /* Assets.xcassets */; };
		AC8DFDEA2B121153006AE016 /* Preview Assets.xcassets in Resources */ = {isa = PBXBuildFile; fileRef = AC8DFDE92B121153006AE016 /* Preview Assets.xcassets */; };
		AC8DFDF42B121153006AE016 /* FireBaseLoginDemoTests.swift in Sources */ = {isa = PBXBuildFile; fileRef = AC8DFDF32B121153006AE016 /* FireBaseLoginDemoTests.swift */; };
		AC8DFDFE2B121153006AE016 /* FireBaseLoginDemoUITests.swift in Sources */ = {isa = PBXBuildFile; fileRef = AC8DFDFD2B121153006AE016 /* FireBaseLoginDemoUITests.swift */; };
		AC8DFE002B121153006AE016 /* FireBaseLoginDemoUITestsLaunchTests.swift in Sources */ = {isa = PBXBuildFile; fileRef = AC8DFDFF2B121153006AE016 /* FireBaseLoginDemoUITestsLaunchTests.swift */; };
		ACD87FDB2B14B3D30090BE99 /* Verification.swift in Sources */ = {isa = PBXBuildFile; fileRef = ACD87FDA2B14B3D30090BE99 /* Verification.swift */; };
		ACD87FDD2B14B4F80090BE99 /* OTPViewModel.swift in Sources */ = {isa = PBXBuildFile; fileRef = ACD87FDC2B14B4F80090BE99 /* OTPViewModel.swift */; };
/* End PBXBuildFile section */

/* Begin PBXContainerItemProxy section */
		AC8DFDF02B121153006AE016 /* PBXContainerItemProxy */ = {
			isa = PBXContainerItemProxy;
			containerPortal = AC8DFDD72B121151006AE016 /* Project object */;
			proxyType = 1;
			remoteGlobalIDString = AC8DFDDE2B121151006AE016;
			remoteInfo = FireBaseLoginDemo;
		};
		AC8DFDFA2B121153006AE016 /* PBXContainerItemProxy */ = {
			isa = PBXContainerItemProxy;
			containerPortal = AC8DFDD72B121151006AE016 /* Project object */;
			proxyType = 1;
			remoteGlobalIDString = AC8DFDDE2B121151006AE016;
			remoteInfo = FireBaseLoginDemo;
		};
/* End PBXContainerItemProxy section */

/* Begin PBXFileReference section */
		1930F370A4FD0C854B09BF26 /* Pods-FireBaseLoginDemo-FireBaseLoginDemoUITests.debug.xcconfig */ = {isa = PBXFileReference; includeInIndex = 1; lastKnownFileType = text.xcconfig; name = "Pods-FireBaseLoginDemo-FireBaseLoginDemoUITests.debug.xcconfig"; path = "Target Support Files/Pods-FireBaseLoginDemo-FireBaseLoginDemoUITests/Pods-FireBaseLoginDemo-FireBaseLoginDemoUITests.debug.xcconfig"; sourceTree = "<group>"; };
		1A9469854F8443F97986BFCC /* Pods-FireBaseLoginDemo.release.xcconfig */ = {isa = PBXFileReference; includeInIndex = 1; lastKnownFileType = text.xcconfig; name = "Pods-FireBaseLoginDemo.release.xcconfig"; path = "Target Support Files/Pods-FireBaseLoginDemo/Pods-FireBaseLoginDemo.release.xcconfig"; sourceTree = "<group>"; };
		1D74ADF49D35BC85117FC514 /* Pods-FireBaseLoginDemo.debug.xcconfig */ = {isa = PBXFileReference; includeInIndex = 1; lastKnownFileType = text.xcconfig; name = "Pods-FireBaseLoginDemo.debug.xcconfig"; path = "Target Support Files/Pods-FireBaseLoginDemo/Pods-FireBaseLoginDemo.debug.xcconfig"; sourceTree = "<group>"; };
		448B3E98322A80AE01B02786 /* Pods_FireBaseLoginDemoTests.framework */ = {isa = PBXFileReference; explicitFileType = wrapper.framework; includeInIndex = 0; path = Pods_FireBaseLoginDemoTests.framework; sourceTree = BUILT_PRODUCTS_DIR; };
		A0F473E3683CA9A3933A2CAA /* Pods-FireBaseLoginDemoTests.release.xcconfig */ = {isa = PBXFileReference; includeInIndex = 1; lastKnownFileType = text.xcconfig; name = "Pods-FireBaseLoginDemoTests.release.xcconfig"; path = "Target Support Files/Pods-FireBaseLoginDemoTests/Pods-FireBaseLoginDemoTests.release.xcconfig"; sourceTree = "<group>"; };
		AC0B18132B146A9F00B67F15 /* GoogleService-Info.plist */ = {isa = PBXFileReference; fileEncoding = 4; lastKnownFileType = text.plist.xml; name = "GoogleService-Info.plist"; path = "../../../Downloads/GoogleService-Info.plist"; sourceTree = "<group>"; };
		AC0B18152B1470C600B67F15 /* Login.swift */ = {isa = PBXFileReference; lastKnownFileType = sourcecode.swift; path = Login.swift; sourceTree = "<group>"; };
		AC0B18172B14711B00B67F15 /* Register.swift */ = {isa = PBXFileReference; lastKnownFileType = sourcecode.swift; path = Register.swift; sourceTree = "<group>"; };
		AC0B18192B14715500B67F15 /* ErrorView.swift */ = {isa = PBXFileReference; lastKnownFileType = sourcecode.swift; path = ErrorView.swift; sourceTree = "<group>"; };
		AC0B181B2B1471D300B67F15 /* HomeScreen.swift */ = {isa = PBXFileReference; lastKnownFileType = sourcecode.swift; path = HomeScreen.swift; sourceTree = "<group>"; };
		AC489D732B16113B00E99791 /* Login1.swift */ = {isa = PBXFileReference; lastKnownFileType = sourcecode.swift; path = Login1.swift; sourceTree = "<group>"; };
		AC6333D02B1746DD0093F71B /* ContentView1.swift */ = {isa = PBXFileReference; lastKnownFileType = sourcecode.swift; path = ContentView1.swift; sourceTree = "<group>"; };
		AC8DFDDF2B121151006AE016 /* FireBaseLoginDemo.app */ = {isa = PBXFileReference; explicitFileType = wrapper.application; includeInIndex = 0; path = FireBaseLoginDemo.app; sourceTree = BUILT_PRODUCTS_DIR; };
		AC8DFDE22B121151006AE016 /* FireBaseLoginDemoApp.swift */ = {isa = PBXFileReference; lastKnownFileType = sourcecode.swift; path = FireBaseLoginDemoApp.swift; sourceTree = "<group>"; };
		AC8DFDE42B121151006AE016 /* ContentView.swift */ = {isa = PBXFileReference; lastKnownFileType = sourcecode.swift; path = ContentView.swift; sourceTree = "<group>"; };
		AC8DFDE62B121153006AE016 /* Assets.xcassets */ = {isa = PBXFileReference; lastKnownFileType = folder.assetcatalog; path = Assets.xcassets; sourceTree = "<group>"; };
		AC8DFDE92B121153006AE016 /* Preview Assets.xcassets */ = {isa = PBXFileReference; lastKnownFileType = folder.assetcatalog; path = "Preview Assets.xcassets"; sourceTree = "<group>"; };
		AC8DFDEF2B121153006AE016 /* FireBaseLoginDemoTests.xctest */ = {isa = PBXFileReference; explicitFileType = wrapper.cfbundle; includeInIndex = 0; path = FireBaseLoginDemoTests.xctest; sourceTree = BUILT_PRODUCTS_DIR; };
		AC8DFDF32B121153006AE016 /* FireBaseLoginDemoTests.swift */ = {isa = PBXFileReference; lastKnownFileType = sourcecode.swift; path = FireBaseLoginDemoTests.swift; sourceTree = "<group>"; };
		AC8DFDF92B121153006AE016 /* FireBaseLoginDemoUITests.xctest */ = {isa = PBXFileReference; explicitFileType = wrapper.cfbundle; includeInIndex = 0; path = FireBaseLoginDemoUITests.xctest; sourceTree = BUILT_PRODUCTS_DIR; };
		AC8DFDFD2B121153006AE016 /* FireBaseLoginDemoUITests.swift */ = {isa = PBXFileReference; lastKnownFileType = sourcecode.swift; path = FireBaseLoginDemoUITests.swift; sourceTree = "<group>"; };
		AC8DFDFF2B121153006AE016 /* FireBaseLoginDemoUITestsLaunchTests.swift */ = {isa = PBXFileReference; lastKnownFileType = sourcecode.swift; path = FireBaseLoginDemoUITestsLaunchTests.swift; sourceTree = "<group>"; };
		ACD87FDA2B14B3D30090BE99 /* Verification.swift */ = {isa = PBXFileReference; lastKnownFileType = sourcecode.swift; path = Verification.swift; sourceTree = "<group>"; };
		ACD87FDC2B14B4F80090BE99 /* OTPViewModel.swift */ = {isa = PBXFileReference; lastKnownFileType = sourcecode.swift; path = OTPViewModel.swift; sourceTree = "<group>"; };
		B0117897E19AD763D31BF1CD /* Pods_FireBaseLoginDemo.framework */ = {isa = PBXFileReference; explicitFileType = wrapper.framework; includeInIndex = 0; path = Pods_FireBaseLoginDemo.framework; sourceTree = BUILT_PRODUCTS_DIR; };
		BF562E721C6E5160E1838D28 /* Pods_FireBaseLoginDemo_FireBaseLoginDemoUITests.framework */ = {isa = PBXFileReference; explicitFileType = wrapper.framework; includeInIndex = 0; path = Pods_FireBaseLoginDemo_FireBaseLoginDemoUITests.framework; sourceTree = BUILT_PRODUCTS_DIR; };
		EA62ACE1C6FBE089E1C804FB /* Pods-FireBaseLoginDemo-FireBaseLoginDemoUITests.release.xcconfig */ = {isa = PBXFileReference; includeInIndex = 1; lastKnownFileType = text.xcconfig; name = "Pods-FireBaseLoginDemo-FireBaseLoginDemoUITests.release.xcconfig"; path = "Target Support Files/Pods-FireBaseLoginDemo-FireBaseLoginDemoUITests/Pods-FireBaseLoginDemo-FireBaseLoginDemoUITests.release.xcconfig"; sourceTree = "<group>"; };
		FFE38EA9A75BB369F042A5E0 /* Pods-FireBaseLoginDemoTests.debug.xcconfig */ = {isa = PBXFileReference; includeInIndex = 1; lastKnownFileType = text.xcconfig; name = "Pods-FireBaseLoginDemoTests.debug.xcconfig"; path = "Target Support Files/Pods-FireBaseLoginDemoTests/Pods-FireBaseLoginDemoTests.debug.xcconfig"; sourceTree = "<group>"; };
/* End PBXFileReference section */

/* Begin PBXFrameworksBuildPhase section */
		AC8DFDDC2B121151006AE016 /* Frameworks */ = {
			isa = PBXFrameworksBuildPhase;
			buildActionMask = 2147483647;
			files = (
				6D7068D69F9B097F222208FC /* Pods_FireBaseLoginDemo.framework in Frameworks */,
			);
			runOnlyForDeploymentPostprocessing = 0;
		};
		AC8DFDEC2B121153006AE016 /* Frameworks */ = {
			isa = PBXFrameworksBuildPhase;
			buildActionMask = 2147483647;
			files = (
				54788A831095358268DEFE62 /* Pods_FireBaseLoginDemoTests.framework in Frameworks */,
			);
			runOnlyForDeploymentPostprocessing = 0;
		};
		AC8DFDF62B121153006AE016 /* Frameworks */ = {
			isa = PBXFrameworksBuildPhase;
			buildActionMask = 2147483647;
			files = (
				0D2D2AF8767CA591DED37D6F /* Pods_FireBaseLoginDemo_FireBaseLoginDemoUITests.framework in Frameworks */,
			);
			runOnlyForDeploymentPostprocessing = 0;
		};
/* End PBXFrameworksBuildPhase section */

/* Begin PBXGroup section */
		AC8DFDD62B121151006AE016 = {
			isa = PBXGroup;
			children = (
				AC8DFDE12B121151006AE016 /* FireBaseLoginDemo */,
				AC8DFDF22B121153006AE016 /* FireBaseLoginDemoTests */,
				AC8DFDFC2B121153006AE016 /* FireBaseLoginDemoUITests */,
				AC8DFDE02B121151006AE016 /* Products */,
				DC80D242BF515041DC51C495 /* Pods */,
				EB783CCC36F466285735B4B9 /* Frameworks */,
			);
			sourceTree = "<group>";
		};
		AC8DFDE02B121151006AE016 /* Products */ = {
			isa = PBXGroup;
			children = (
				AC8DFDDF2B121151006AE016 /* FireBaseLoginDemo.app */,
				AC8DFDEF2B121153006AE016 /* FireBaseLoginDemoTests.xctest */,
				AC8DFDF92B121153006AE016 /* FireBaseLoginDemoUITests.xctest */,
			);
			name = Products;
			sourceTree = "<group>";
		};
		AC8DFDE12B121151006AE016 /* FireBaseLoginDemo */ = {
			isa = PBXGroup;
			children = (
				AC8DFDE22B121151006AE016 /* FireBaseLoginDemoApp.swift */,
				AC8DFDE42B121151006AE016 /* ContentView.swift */,
				AC0B18172B14711B00B67F15 /* Register.swift */,
				AC0B18152B1470C600B67F15 /* Login.swift */,
				AC0B181B2B1471D300B67F15 /* HomeScreen.swift */,
				AC0B18192B14715500B67F15 /* ErrorView.swift */,
				ACD87FDA2B14B3D30090BE99 /* Verification.swift */,
				ACD87FDC2B14B4F80090BE99 /* OTPViewModel.swift */,
				AC0B18132B146A9F00B67F15 /* GoogleService-Info.plist */,
				AC8DFDE62B121153006AE016 /* Assets.xcassets */,
				AC8DFDE82B121153006AE016 /* Preview Content */,
				AC489D732B16113B00E99791 /* Login1.swift */,
				AC6333D02B1746DD0093F71B /* ContentView1.swift */,
			);
			path = FireBaseLoginDemo;
			sourceTree = "<group>";
		};
		AC8DFDE82B121153006AE016 /* Preview Content */ = {
			isa = PBXGroup;
			children = (
				AC8DFDE92B121153006AE016 /* Preview Assets.xcassets */,
			);
			path = "Preview Content";
			sourceTree = "<group>";
		};
		AC8DFDF22B121153006AE016 /* FireBaseLoginDemoTests */ = {
			isa = PBXGroup;
			children = (
				AC8DFDF32B121153006AE016 /* FireBaseLoginDemoTests.swift */,
			);
			path = FireBaseLoginDemoTests;
			sourceTree = "<group>";
		};
		AC8DFDFC2B121153006AE016 /* FireBaseLoginDemoUITests */ = {
			isa = PBXGroup;
			children = (
				AC8DFDFD2B121153006AE016 /* FireBaseLoginDemoUITests.swift */,
				AC8DFDFF2B121153006AE016 /* FireBaseLoginDemoUITestsLaunchTests.swift */,
			);
			path = FireBaseLoginDemoUITests;
			sourceTree = "<group>";
		};
		DC80D242BF515041DC51C495 /* Pods */ = {
			isa = PBXGroup;
			children = (
				1D74ADF49D35BC85117FC514 /* Pods-FireBaseLoginDemo.debug.xcconfig */,
				1A9469854F8443F97986BFCC /* Pods-FireBaseLoginDemo.release.xcconfig */,
				1930F370A4FD0C854B09BF26 /* Pods-FireBaseLoginDemo-FireBaseLoginDemoUITests.debug.xcconfig */,
				EA62ACE1C6FBE089E1C804FB /* Pods-FireBaseLoginDemo-FireBaseLoginDemoUITests.release.xcconfig */,
				FFE38EA9A75BB369F042A5E0 /* Pods-FireBaseLoginDemoTests.debug.xcconfig */,
				A0F473E3683CA9A3933A2CAA /* Pods-FireBaseLoginDemoTests.release.xcconfig */,
			);
			path = Pods;
			sourceTree = "<group>";
		};
		EB783CCC36F466285735B4B9 /* Frameworks */ = {
			isa = PBXGroup;
			children = (
				B0117897E19AD763D31BF1CD /* Pods_FireBaseLoginDemo.framework */,
				BF562E721C6E5160E1838D28 /* Pods_FireBaseLoginDemo_FireBaseLoginDemoUITests.framework */,
				448B3E98322A80AE01B02786 /* Pods_FireBaseLoginDemoTests.framework */,
			);
			name = Frameworks;
			sourceTree = "<group>";
		};
/* End PBXGroup section */

/* Begin PBXNativeTarget section */
		AC8DFDDE2B121151006AE016 /* FireBaseLoginDemo */ = {
			isa = PBXNativeTarget;
			buildConfigurationList = AC8DFE032B121153006AE016 /* Build configuration list for PBXNativeTarget "FireBaseLoginDemo" */;
			buildPhases = (
				195A45A1BE7C632239D41131 /* [CP] Check Pods Manifest.lock */,
				AC8DFDDB2B121151006AE016 /* Sources */,
				AC8DFDDC2B121151006AE016 /* Frameworks */,
				AC8DFDDD2B121151006AE016 /* Resources */,
				53D10492356ACE83042AADCA /* [CP] Embed Pods Frameworks */,
			);
			buildRules = (
			);
			dependencies = (
			);
			name = FireBaseLoginDemo;
			productName = FireBaseLoginDemo;
			productReference = AC8DFDDF2B121151006AE016 /* FireBaseLoginDemo.app */;
			productType = "com.apple.product-type.application";
		};
		AC8DFDEE2B121153006AE016 /* FireBaseLoginDemoTests */ = {
			isa = PBXNativeTarget;
			buildConfigurationList = AC8DFE062B121153006AE016 /* Build configuration list for PBXNativeTarget "FireBaseLoginDemoTests" */;
			buildPhases = (
				A1E522E174EE13755E97AA2F /* [CP] Check Pods Manifest.lock */,
				AC8DFDEB2B121153006AE016 /* Sources */,
				AC8DFDEC2B121153006AE016 /* Frameworks */,
				AC8DFDED2B121153006AE016 /* Resources */,
			);
			buildRules = (
			);
			dependencies = (
				AC8DFDF12B121153006AE016 /* PBXTargetDependency */,
			);
			name = FireBaseLoginDemoTests;
			productName = FireBaseLoginDemoTests;
			productReference = AC8DFDEF2B121153006AE016 /* FireBaseLoginDemoTests.xctest */;
			productType = "com.apple.product-type.bundle.unit-test";
		};
		AC8DFDF82B121153006AE016 /* FireBaseLoginDemoUITests */ = {
			isa = PBXNativeTarget;
			buildConfigurationList = AC8DFE092B121153006AE016 /* Build configuration list for PBXNativeTarget "FireBaseLoginDemoUITests" */;
			buildPhases = (
				539FDB34AB72D0D161168314 /* [CP] Check Pods Manifest.lock */,
				AC8DFDF52B121153006AE016 /* Sources */,
				AC8DFDF62B121153006AE016 /* Frameworks */,
				AC8DFDF72B121153006AE016 /* Resources */,
				9B6DB5B727033E222084DE46 /* [CP] Embed Pods Frameworks */,
			);
			buildRules = (
			);
			dependencies = (
				AC8DFDFB2B121153006AE016 /* PBXTargetDependency */,
			);
			name = FireBaseLoginDemoUITests;
			productName = FireBaseLoginDemoUITests;
			productReference = AC8DFDF92B121153006AE016 /* FireBaseLoginDemoUITests.xctest */;
			productType = "com.apple.product-type.bundle.ui-testing";
		};
/* End PBXNativeTarget section */

/* Begin PBXProject section */
		AC8DFDD72B121151006AE016 /* Project object */ = {
			isa = PBXProject;
			attributes = {
				BuildIndependentTargetsInParallel = 1;
				LastSwiftUpdateCheck = 1500;
				LastUpgradeCheck = 1500;
				TargetAttributes = {
					AC8DFDDE2B121151006AE016 = {
						CreatedOnToolsVersion = 15.0;
					};
					AC8DFDEE2B121153006AE016 = {
						CreatedOnToolsVersion = 15.0;
						TestTargetID = AC8DFDDE2B121151006AE016;
					};
					AC8DFDF82B121153006AE016 = {
						CreatedOnToolsVersion = 15.0;
						TestTargetID = AC8DFDDE2B121151006AE016;
					};
				};
			};
			buildConfigurationList = AC8DFDDA2B121151006AE016 /* Build configuration list for PBXProject "FireBaseLoginDemo" */;
			compatibilityVersion = "Xcode 13.0";
			developmentRegion = en;
			hasScannedForEncodings = 0;
			knownRegions = (
				en,
				Base,
			);
			mainGroup = AC8DFDD62B121151006AE016;
			productRefGroup = AC8DFDE02B121151006AE016 /* Products */;
			projectDirPath = "";
			projectRoot = "";
			targets = (
				AC8DFDDE2B121151006AE016 /* FireBaseLoginDemo */,
				AC8DFDEE2B121153006AE016 /* FireBaseLoginDemoTests */,
				AC8DFDF82B121153006AE016 /* FireBaseLoginDemoUITests */,
			);
		};
/* End PBXProject section */

/* Begin PBXResourcesBuildPhase section */
		AC8DFDDD2B121151006AE016 /* Resources */ = {
			isa = PBXResourcesBuildPhase;
			buildActionMask = 2147483647;
			files = (
				AC8DFDEA2B121153006AE016 /* Preview Assets.xcassets in Resources */,
				AC8DFDE72B121153006AE016 /* Assets.xcassets in Resources */,
				AC0B18142B146A9F00B67F15 /* GoogleService-Info.plist in Resources */,
			);
			runOnlyForDeploymentPostprocessing = 0;
		};
		AC8DFDED2B121153006AE016 /* Resources */ = {
			isa = PBXResourcesBuildPhase;
			buildActionMask = 2147483647;
			files = (
			);
			runOnlyForDeploymentPostprocessing = 0;
		};
		AC8DFDF72B121153006AE016 /* Resources */ = {
			isa = PBXResourcesBuildPhase;
			buildActionMask = 2147483647;
			files = (
			);
			runOnlyForDeploymentPostprocessing = 0;
		};
/* End PBXResourcesBuildPhase section */

/* Begin PBXShellScriptBuildPhase section */
		195A45A1BE7C632239D41131 /* [CP] Check Pods Manifest.lock */ = {
			isa = PBXShellScriptBuildPhase;
			buildActionMask = 2147483647;
			files = (
			);
			inputFileListPaths = (
			);
			inputPaths = (
				"${PODS_PODFILE_DIR_PATH}/Podfile.lock",
				"${PODS_ROOT}/Manifest.lock",
			);
			name = "[CP] Check Pods Manifest.lock";
			outputFileListPaths = (
			);
			outputPaths = (
				"$(DERIVED_FILE_DIR)/Pods-FireBaseLoginDemo-checkManifestLockResult.txt",
			);
			runOnlyForDeploymentPostprocessing = 0;
			shellPath = /bin/sh;
			shellScript = "diff \"${PODS_PODFILE_DIR_PATH}/Podfile.lock\" \"${PODS_ROOT}/Manifest.lock\" > /dev/null\nif [ $? != 0 ] ; then\n    # print error to STDERR\n    echo \"error: The sandbox is not in sync with the Podfile.lock. Run 'pod install' or update your CocoaPods installation.\" >&2\n    exit 1\nfi\n# This output is used by Xcode 'outputs' to avoid re-running this script phase.\necho \"SUCCESS\" > \"${SCRIPT_OUTPUT_FILE_0}\"\n";
			showEnvVarsInLog = 0;
		};
		539FDB34AB72D0D161168314 /* [CP] Check Pods Manifest.lock */ = {
			isa = PBXShellScriptBuildPhase;
			buildActionMask = 2147483647;
			files = (
			);
			inputFileListPaths = (
			);
			inputPaths = (
				"${PODS_PODFILE_DIR_PATH}/Podfile.lock",
				"${PODS_ROOT}/Manifest.lock",
			);
			name = "[CP] Check Pods Manifest.lock";
			outputFileListPaths = (
			);
			outputPaths = (
				"$(DERIVED_FILE_DIR)/Pods-FireBaseLoginDemo-FireBaseLoginDemoUITests-checkManifestLockResult.txt",
			);
			runOnlyForDeploymentPostprocessing = 0;
			shellPath = /bin/sh;
			shellScript = "diff \"${PODS_PODFILE_DIR_PATH}/Podfile.lock\" \"${PODS_ROOT}/Manifest.lock\" > /dev/null\nif [ $? != 0 ] ; then\n    # print error to STDERR\n    echo \"error: The sandbox is not in sync with the Podfile.lock. Run 'pod install' or update your CocoaPods installation.\" >&2\n    exit 1\nfi\n# This output is used by Xcode 'outputs' to avoid re-running this script phase.\necho \"SUCCESS\" > \"${SCRIPT_OUTPUT_FILE_0}\"\n";
			showEnvVarsInLog = 0;
		};
		53D10492356ACE83042AADCA /* [CP] Embed Pods Frameworks */ = {
			isa = PBXShellScriptBuildPhase;
			buildActionMask = 2147483647;
			files = (
			);
			inputFileListPaths = (
				"${PODS_ROOT}/Target Support Files/Pods-FireBaseLoginDemo/Pods-FireBaseLoginDemo-frameworks-${CONFIGURATION}-input-files.xcfilelist",
			);
			name = "[CP] Embed Pods Frameworks";
			outputFileListPaths = (
				"${PODS_ROOT}/Target Support Files/Pods-FireBaseLoginDemo/Pods-FireBaseLoginDemo-frameworks-${CONFIGURATION}-output-files.xcfilelist",
			);
			runOnlyForDeploymentPostprocessing = 0;
			shellPath = /bin/sh;
			shellScript = "\"${PODS_ROOT}/Target Support Files/Pods-FireBaseLoginDemo/Pods-FireBaseLoginDemo-frameworks.sh\"\n";
			showEnvVarsInLog = 0;
		};
		9B6DB5B727033E222084DE46 /* [CP] Embed Pods Frameworks */ = {
			isa = PBXShellScriptBuildPhase;
			buildActionMask = 2147483647;
			files = (
			);
			inputFileListPaths = (
				"${PODS_ROOT}/Target Support Files/Pods-FireBaseLoginDemo-FireBaseLoginDemoUITests/Pods-FireBaseLoginDemo-FireBaseLoginDemoUITests-frameworks-${CONFIGURATION}-input-files.xcfilelist",
			);
			name = "[CP] Embed Pods Frameworks";
			outputFileListPaths = (
				"${PODS_ROOT}/Target Support Files/Pods-FireBaseLoginDemo-FireBaseLoginDemoUITests/Pods-FireBaseLoginDemo-FireBaseLoginDemoUITests-frameworks-${CONFIGURATION}-output-files.xcfilelist",
			);
			runOnlyForDeploymentPostprocessing = 0;
			shellPath = /bin/sh;
			shellScript = "\"${PODS_ROOT}/Target Support Files/Pods-FireBaseLoginDemo-FireBaseLoginDemoUITests/Pods-FireBaseLoginDemo-FireBaseLoginDemoUITests-frameworks.sh\"\n";
			showEnvVarsInLog = 0;
		};
		A1E522E174EE13755E97AA2F /* [CP] Check Pods Manifest.lock */ = {
			isa = PBXShellScriptBuildPhase;
			buildActionMask = 2147483647;
			files = (
			);
			inputFileListPaths = (
			);
			inputPaths = (
				"${PODS_PODFILE_DIR_PATH}/Podfile.lock",
				"${PODS_ROOT}/Manifest.lock",
			);
			name = "[CP] Check Pods Manifest.lock";
			outputFileListPaths = (
			);
			outputPaths = (
				"$(DERIVED_FILE_DIR)/Pods-FireBaseLoginDemoTests-checkManifestLockResult.txt",
			);
			runOnlyForDeploymentPostprocessing = 0;
			shellPath = /bin/sh;
			shellScript = "diff \"${PODS_PODFILE_DIR_PATH}/Podfile.lock\" \"${PODS_ROOT}/Manifest.lock\" > /dev/null\nif [ $? != 0 ] ; then\n    # print error to STDERR\n    echo \"error: The sandbox is not in sync with the Podfile.lock. Run 'pod install' or update your CocoaPods installation.\" >&2\n    exit 1\nfi\n# This output is used by Xcode 'outputs' to avoid re-running this script phase.\necho \"SUCCESS\" > \"${SCRIPT_OUTPUT_FILE_0}\"\n";
			showEnvVarsInLog = 0;
		};
/* End PBXShellScriptBuildPhase section */

/* Begin PBXSourcesBuildPhase section */
		AC8DFDDB2B121151006AE016 /* Sources */ = {
			isa = PBXSourcesBuildPhase;
			buildActionMask = 2147483647;
			files = (
				AC0B181A2B14715500B67F15 /* ErrorView.swift in Sources */,
				AC0B18162B1470C600B67F15 /* Login.swift in Sources */,
				AC0B181C2B1471D300B67F15 /* HomeScreen.swift in Sources */,
				AC489D742B16113B00E99791 /* Login1.swift in Sources */,
				AC8DFDE52B121151006AE016 /* ContentView.swift in Sources */,
				ACD87FDD2B14B4F80090BE99 /* OTPViewModel.swift in Sources */,
				ACD87FDB2B14B3D30090BE99 /* Verification.swift in Sources */,
				AC0B18182B14711B00B67F15 /* Register.swift in Sources */,
				AC6333D12B1746DD0093F71B /* ContentView1.swift in Sources */,
				AC8DFDE32B121151006AE016 /* FireBaseLoginDemoApp.swift in Sources */,
			);
			runOnlyForDeploymentPostprocessing = 0;
		};
		AC8DFDEB2B121153006AE016 /* Sources */ = {
			isa = PBXSourcesBuildPhase;
			buildActionMask = 2147483647;
			files = (
				AC8DFDF42B121153006AE016 /* FireBaseLoginDemoTests.swift in Sources */,
			);
			runOnlyForDeploymentPostprocessing = 0;
		};
		AC8DFDF52B121153006AE016 /* Sources */ = {
			isa = PBXSourcesBuildPhase;
			buildActionMask = 2147483647;
			files = (
				AC8DFE002B121153006AE016 /* FireBaseLoginDemoUITestsLaunchTests.swift in Sources */,
				AC8DFDFE2B121153006AE016 /* FireBaseLoginDemoUITests.swift in Sources */,
			);
			runOnlyForDeploymentPostprocessing = 0;
		};
/* End PBXSourcesBuildPhase section */

/* Begin PBXTargetDependency section */
		AC8DFDF12B121153006AE016 /* PBXTargetDependency */ = {
			isa = PBXTargetDependency;
			target = AC8DFDDE2B121151006AE016 /* FireBaseLoginDemo */;
			targetProxy = AC8DFDF02B121153006AE016 /* PBXContainerItemProxy */;
		};
		AC8DFDFB2B121153006AE016 /* PBXTargetDependency */ = {
			isa = PBXTargetDependency;
			target = AC8DFDDE2B121151006AE016 /* FireBaseLoginDemo */;
			targetProxy = AC8DFDFA2B121153006AE016 /* PBXContainerItemProxy */;
		};
/* End PBXTargetDependency section */

/* Begin XCBuildConfiguration section */
		AC8DFE012B121153006AE016 /* Debug */ = {
			isa = XCBuildConfiguration;
			buildSettings = {
				ALWAYS_SEARCH_USER_PATHS = NO;
				ASSETCATALOG_COMPILER_GENERATE_SWIFT_ASSET_SYMBOL_EXTENSIONS = YES;
				CLANG_ANALYZER_NONNULL = YES;
				CLANG_ANALYZER_NUMBER_OBJECT_CONVERSION = YES_AGGRESSIVE;
				CLANG_CXX_LANGUAGE_STANDARD = "gnu++20";
				CLANG_ENABLE_MODULES = YES;
				CLANG_ENABLE_OBJC_ARC = YES;
				CLANG_ENABLE_OBJC_WEAK = YES;
				CLANG_WARN_BLOCK_CAPTURE_AUTORELEASING = YES;
				CLANG_WARN_BOOL_CONVERSION = YES;
				CLANG_WARN_COMMA = YES;
				CLANG_WARN_CONSTANT_CONVERSION = YES;
				CLANG_WARN_DEPRECATED_OBJC_IMPLEMENTATIONS = YES;
				CLANG_WARN_DIRECT_OBJC_ISA_USAGE = YES_ERROR;
				CLANG_WARN_DOCUMENTATION_COMMENTS = YES;
				CLANG_WARN_EMPTY_BODY = YES;
				CLANG_WARN_ENUM_CONVERSION = YES;
				CLANG_WARN_INFINITE_RECURSION = YES;
				CLANG_WARN_INT_CONVERSION = YES;
				CLANG_WARN_NON_LITERAL_NULL_CONVERSION = YES;
				CLANG_WARN_OBJC_IMPLICIT_RETAIN_SELF = YES;
				CLANG_WARN_OBJC_LITERAL_CONVERSION = YES;
				CLANG_WARN_OBJC_ROOT_CLASS = YES_ERROR;
				CLANG_WARN_QUOTED_INCLUDE_IN_FRAMEWORK_HEADER = YES;
				CLANG_WARN_RANGE_LOOP_ANALYSIS = YES;
				CLANG_WARN_STRICT_PROTOTYPES = YES;
				CLANG_WARN_SUSPICIOUS_MOVE = YES;
				CLANG_WARN_UNGUARDED_AVAILABILITY = YES_AGGRESSIVE;
				CLANG_WARN_UNREACHABLE_CODE = YES;
				CLANG_WARN__DUPLICATE_METHOD_MATCH = YES;
				COPY_PHASE_STRIP = NO;
				DEBUG_INFORMATION_FORMAT = dwarf;
				ENABLE_STRICT_OBJC_MSGSEND = YES;
				ENABLE_TESTABILITY = YES;
				ENABLE_USER_SCRIPT_SANDBOXING = YES;
				GCC_C_LANGUAGE_STANDARD = gnu17;
				GCC_DYNAMIC_NO_PIC = NO;
				GCC_NO_COMMON_BLOCKS = YES;
				GCC_OPTIMIZATION_LEVEL = 0;
				GCC_PREPROCESSOR_DEFINITIONS = (
					"DEBUG=1",
					"$(inherited)",
				);
				GCC_WARN_64_TO_32_BIT_CONVERSION = YES;
				GCC_WARN_ABOUT_RETURN_TYPE = YES_ERROR;
				GCC_WARN_UNDECLARED_SELECTOR = YES;
				GCC_WARN_UNINITIALIZED_AUTOS = YES_AGGRESSIVE;
				GCC_WARN_UNUSED_FUNCTION = YES;
				GCC_WARN_UNUSED_VARIABLE = YES;
				IPHONEOS_DEPLOYMENT_TARGET = 17.0;
				LOCALIZATION_PREFERS_STRING_CATALOGS = YES;
				MTL_ENABLE_DEBUG_INFO = INCLUDE_SOURCE;
				MTL_FAST_MATH = YES;
				ONLY_ACTIVE_ARCH = YES;
				SDKROOT = iphoneos;
				SWIFT_ACTIVE_COMPILATION_CONDITIONS = "DEBUG $(inherited)";
				SWIFT_OPTIMIZATION_LEVEL = "-Onone";
			};
			name = Debug;
		};
		AC8DFE022B121153006AE016 /* Release */ = {
			isa = XCBuildConfiguration;
			buildSettings = {
				ALWAYS_SEARCH_USER_PATHS = NO;
				ASSETCATALOG_COMPILER_GENERATE_SWIFT_ASSET_SYMBOL_EXTENSIONS = YES;
				CLANG_ANALYZER_NONNULL = YES;
				CLANG_ANALYZER_NUMBER_OBJECT_CONVERSION = YES_AGGRESSIVE;
				CLANG_CXX_LANGUAGE_STANDARD = "gnu++20";
				CLANG_ENABLE_MODULES = YES;
				CLANG_ENABLE_OBJC_ARC = YES;
				CLANG_ENABLE_OBJC_WEAK = YES;
				CLANG_WARN_BLOCK_CAPTURE_AUTORELEASING = YES;
				CLANG_WARN_BOOL_CONVERSION = YES;
				CLANG_WARN_COMMA = YES;
				CLANG_WARN_CONSTANT_CONVERSION = YES;
				CLANG_WARN_DEPRECATED_OBJC_IMPLEMENTATIONS = YES;
				CLANG_WARN_DIRECT_OBJC_ISA_USAGE = YES_ERROR;
				CLANG_WARN_DOCUMENTATION_COMMENTS = YES;
				CLANG_WARN_EMPTY_BODY = YES;
				CLANG_WARN_ENUM_CONVERSION = YES;
				CLANG_WARN_INFINITE_RECURSION = YES;
				CLANG_WARN_INT_CONVERSION = YES;
				CLANG_WARN_NON_LITERAL_NULL_CONVERSION = YES;
				CLANG_WARN_OBJC_IMPLICIT_RETAIN_SELF = YES;
				CLANG_WARN_OBJC_LITERAL_CONVERSION = YES;
				CLANG_WARN_OBJC_ROOT_CLASS = YES_ERROR;
				CLANG_WARN_QUOTED_INCLUDE_IN_FRAMEWORK_HEADER = YES;
				CLANG_WARN_RANGE_LOOP_ANALYSIS = YES;
				CLANG_WARN_STRICT_PROTOTYPES = YES;
				CLANG_WARN_SUSPICIOUS_MOVE = YES;
				CLANG_WARN_UNGUARDED_AVAILABILITY = YES_AGGRESSIVE;
				CLANG_WARN_UNREACHABLE_CODE = YES;
				CLANG_WARN__DUPLICATE_METHOD_MATCH = YES;
				COPY_PHASE_STRIP = NO;
				DEBUG_INFORMATION_FORMAT = "dwarf-with-dsym";
				ENABLE_NS_ASSERTIONS = NO;
				ENABLE_STRICT_OBJC_MSGSEND = YES;
				ENABLE_USER_SCRIPT_SANDBOXING = YES;
				GCC_C_LANGUAGE_STANDARD = gnu17;
				GCC_NO_COMMON_BLOCKS = YES;
				GCC_WARN_64_TO_32_BIT_CONVERSION = YES;
				GCC_WARN_ABOUT_RETURN_TYPE = YES_ERROR;
				GCC_WARN_UNDECLARED_SELECTOR = YES;
				GCC_WARN_UNINITIALIZED_AUTOS = YES_AGGRESSIVE;
				GCC_WARN_UNUSED_FUNCTION = YES;
				GCC_WARN_UNUSED_VARIABLE = YES;
				IPHONEOS_DEPLOYMENT_TARGET = 17.0;
				LOCALIZATION_PREFERS_STRING_CATALOGS = YES;
				MTL_ENABLE_DEBUG_INFO = NO;
				MTL_FAST_MATH = YES;
				SDKROOT = iphoneos;
				SWIFT_COMPILATION_MODE = wholemodule;
				VALIDATE_PRODUCT = YES;
			};
			name = Release;
		};
		AC8DFE042B121153006AE016 /* Debug */ = {
			isa = XCBuildConfiguration;
			baseConfigurationReference = 1D74ADF49D35BC85117FC514 /* Pods-FireBaseLoginDemo.debug.xcconfig */;
			buildSettings = {
				ASSETCATALOG_COMPILER_APPICON_NAME = AppIcon;
				ASSETCATALOG_COMPILER_GLOBAL_ACCENT_COLOR_NAME = AccentColor;
				CODE_SIGN_STYLE = Automatic;
				CURRENT_PROJECT_VERSION = 1;
				DEVELOPMENT_ASSET_PATHS = "\"FireBaseLoginDemo/Preview Content\"";
				DEVELOPMENT_TEAM = LU893QGJWJ;
				ENABLE_PREVIEWS = YES;
				ENABLE_USER_SCRIPT_SANDBOXING = NO;
				GENERATE_INFOPLIST_FILE = YES;
				INFOPLIST_KEY_UIApplicationSceneManifest_Generation = YES;
				INFOPLIST_KEY_UIApplicationSupportsIndirectInputEvents = YES;
				INFOPLIST_KEY_UILaunchScreen_Generation = YES;
				INFOPLIST_KEY_UISupportedInterfaceOrientations_iPad = "UIInterfaceOrientationPortrait UIInterfaceOrientationPortraitUpsideDown UIInterfaceOrientationLandscapeLeft UIInterfaceOrientationLandscapeRight";
				INFOPLIST_KEY_UISupportedInterfaceOrientations_iPhone = "UIInterfaceOrientationPortrait UIInterfaceOrientationLandscapeLeft UIInterfaceOrientationLandscapeRight";
				LD_RUNPATH_SEARCH_PATHS = (
					"$(inherited)",
					"@executable_path/Frameworks",
				);
				LIBRARY_SEARCH_PATHS = (
					/usr/lib/swift,
					"$(inherited)",
				);
				MARKETING_VERSION = 1.0;
				PRODUCT_BUNDLE_IDENTIFIER = JBcodeapp.FireBaseLoginDemo;
				PRODUCT_NAME = "$(TARGET_NAME)";
				SWIFT_EMIT_LOC_STRINGS = YES;
				SWIFT_VERSION = 5.0;
				TARGETED_DEVICE_FAMILY = "1,2";
				TOOLCHAIN_DIR = "$(DEVELOPER_DIR)/Toolchains/XcodeDefault.xctoolchain";
			};
			name = Debug;
		};
		AC8DFE052B121153006AE016 /* Release */ = {
			isa = XCBuildConfiguration;
			baseConfigurationReference = 1A9469854F8443F97986BFCC /* Pods-FireBaseLoginDemo.release.xcconfig */;
			buildSettings = {
				ASSETCATALOG_COMPILER_APPICON_NAME = AppIcon;
				ASSETCATALOG_COMPILER_GLOBAL_ACCENT_COLOR_NAME = AccentColor;
				CODE_SIGN_STYLE = Automatic;
				CURRENT_PROJECT_VERSION = 1;
				DEVELOPMENT_ASSET_PATHS = "\"FireBaseLoginDemo/Preview Content\"";
				DEVELOPMENT_TEAM = LU893QGJWJ;
				ENABLE_PREVIEWS = YES;
				ENABLE_USER_SCRIPT_SANDBOXING = NO;
				GENERATE_INFOPLIST_FILE = YES;
				INFOPLIST_KEY_UIApplicationSceneManifest_Generation = YES;
				INFOPLIST_KEY_UIApplicationSupportsIndirectInputEvents = YES;
				INFOPLIST_KEY_UILaunchScreen_Generation = YES;
				INFOPLIST_KEY_UISupportedInterfaceOrientations_iPad = "UIInterfaceOrientationPortrait UIInterfaceOrientationPortraitUpsideDown UIInterfaceOrientationLandscapeLeft UIInterfaceOrientationLandscapeRight";
				INFOPLIST_KEY_UISupportedInterfaceOrientations_iPhone = "UIInterfaceOrientationPortrait UIInterfaceOrientationLandscapeLeft UIInterfaceOrientationLandscapeRight";
				LD_RUNPATH_SEARCH_PATHS = (
					"$(inherited)",
					"@executable_path/Frameworks",
				);
				LIBRARY_SEARCH_PATHS = (
					/usr/lib/swift,
					"$(inherited)",
				);
				MARKETING_VERSION = 1.0;
				PRODUCT_BUNDLE_IDENTIFIER = JBcodeapp.FireBaseLoginDemo;
				PRODUCT_NAME = "$(TARGET_NAME)";
				SWIFT_EMIT_LOC_STRINGS = YES;
				SWIFT_VERSION = 5.0;
				TARGETED_DEVICE_FAMILY = "1,2";
				TOOLCHAIN_DIR = "$(DEVELOPER_DIR)/Toolchains/XcodeDefault.xctoolchain";
			};
			name = Release;
		};
		AC8DFE072B121153006AE016 /* Debug */ = {
			isa = XCBuildConfiguration;
			baseConfigurationReference = FFE38EA9A75BB369F042A5E0 /* Pods-FireBaseLoginDemoTests.debug.xcconfig */;
			buildSettings = {
				ALWAYS_EMBED_SWIFT_STANDARD_LIBRARIES = YES;
				BUNDLE_LOADER = "$(TEST_HOST)";
				CODE_SIGN_STYLE = Automatic;
				CURRENT_PROJECT_VERSION = 1;
				DEVELOPMENT_TEAM = LU893QGJWJ;
				GENERATE_INFOPLIST_FILE = YES;
				IPHONEOS_DEPLOYMENT_TARGET = 17.0;
				MARKETING_VERSION = 1.0;
				PRODUCT_BUNDLE_IDENTIFIER = JBcodeapp.FireBaseLoginDemoTests;
				PRODUCT_NAME = "$(TARGET_NAME)";
				SWIFT_EMIT_LOC_STRINGS = NO;
				SWIFT_VERSION = 5.0;
				TARGETED_DEVICE_FAMILY = "1,2";
				TEST_HOST = "$(BUILT_PRODUCTS_DIR)/FireBaseLoginDemo.app/$(BUNDLE_EXECUTABLE_FOLDER_PATH)/FireBaseLoginDemo";
			};
			name = Debug;
		};
		AC8DFE082B121153006AE016 /* Release */ = {
			isa = XCBuildConfiguration;
			baseConfigurationReference = A0F473E3683CA9A3933A2CAA /* Pods-FireBaseLoginDemoTests.release.xcconfig */;
			buildSettings = {
				ALWAYS_EMBED_SWIFT_STANDARD_LIBRARIES = YES;
				BUNDLE_LOADER = "$(TEST_HOST)";
				CODE_SIGN_STYLE = Automatic;
				CURRENT_PROJECT_VERSION = 1;
				DEVELOPMENT_TEAM = LU893QGJWJ;
				GENERATE_INFOPLIST_FILE = YES;
				IPHONEOS_DEPLOYMENT_TARGET = 17.0;
				MARKETING_VERSION = 1.0;
				PRODUCT_BUNDLE_IDENTIFIER = JBcodeapp.FireBaseLoginDemoTests;
				PRODUCT_NAME = "$(TARGET_NAME)";
				SWIFT_EMIT_LOC_STRINGS = NO;
				SWIFT_VERSION = 5.0;
				TARGETED_DEVICE_FAMILY = "1,2";
				TEST_HOST = "$(BUILT_PRODUCTS_DIR)/FireBaseLoginDemo.app/$(BUNDLE_EXECUTABLE_FOLDER_PATH)/FireBaseLoginDemo";
			};
			name = Release;
		};
		AC8DFE0A2B121153006AE016 /* Debug */ = {
			isa = XCBuildConfiguration;
			baseConfigurationReference = 1930F370A4FD0C854B09BF26 /* Pods-FireBaseLoginDemo-FireBaseLoginDemoUITests.debug.xcconfig */;
			buildSettings = {
				ALWAYS_EMBED_SWIFT_STANDARD_LIBRARIES = YES;
				CODE_SIGN_STYLE = Automatic;
				CURRENT_PROJECT_VERSION = 1;
				DEVELOPMENT_TEAM = LU893QGJWJ;
				GENERATE_INFOPLIST_FILE = YES;
				MARKETING_VERSION = 1.0;
				PRODUCT_BUNDLE_IDENTIFIER = JBcodeapp.FireBaseLoginDemoUITests;
				PRODUCT_NAME = "$(TARGET_NAME)";
				SWIFT_EMIT_LOC_STRINGS = NO;
				SWIFT_VERSION = 5.0;
				TARGETED_DEVICE_FAMILY = "1,2";
				TEST_TARGET_NAME = FireBaseLoginDemo;
			};
			name = Debug;
		};
		AC8DFE0B2B121153006AE016 /* Release */ = {
			isa = XCBuildConfiguration;
			baseConfigurationReference = EA62ACE1C6FBE089E1C804FB /* Pods-FireBaseLoginDemo-FireBaseLoginDemoUITests.release.xcconfig */;
			buildSettings = {
				ALWAYS_EMBED_SWIFT_STANDARD_LIBRARIES = YES;
				CODE_SIGN_STYLE = Automatic;
				CURRENT_PROJECT_VERSION = 1;
				DEVELOPMENT_TEAM = LU893QGJWJ;
				GENERATE_INFOPLIST_FILE = YES;
				MARKETING_VERSION = 1.0;
				PRODUCT_BUNDLE_IDENTIFIER = JBcodeapp.FireBaseLoginDemoUITests;
				PRODUCT_NAME = "$(TARGET_NAME)";
				SWIFT_EMIT_LOC_STRINGS = NO;
				SWIFT_VERSION = 5.0;
				TARGETED_DEVICE_FAMILY = "1,2";
				TEST_TARGET_NAME = FireBaseLoginDemo;
			};
			name = Release;
		};
/* End XCBuildConfiguration section */

/* Begin XCConfigurationList section */
		AC8DFDDA2B121151006AE016 /* Build configuration list for PBXProject "FireBaseLoginDemo" */ = {
			isa = XCConfigurationList;
			buildConfigurations = (
				AC8DFE012B121153006AE016 /* Debug */,
				AC8DFE022B121153006AE016 /* Release */,
			);
			defaultConfigurationIsVisible = 0;
			defaultConfigurationName = Release;
		};
		AC8DFE032B121153006AE016 /* Build configuration list for PBXNativeTarget "FireBaseLoginDemo" */ = {
			isa = XCConfigurationList;
			buildConfigurations = (
				AC8DFE042B121153006AE016 /* Debug */,
				AC8DFE052B121153006AE016 /* Release */,
			);
			defaultConfigurationIsVisible = 0;
			defaultConfigurationName = Release;
		};
		AC8DFE062B121153006AE016 /* Build configuration list for PBXNativeTarget "FireBaseLoginDemoTests" */ = {
			isa = XCConfigurationList;
			buildConfigurations = (
				AC8DFE072B121153006AE016 /* Debug */,
				AC8DFE082B121153006AE016 /* Release */,
			);
			defaultConfigurationIsVisible = 0;
			defaultConfigurationName = Release;
		};
		AC8DFE092B121153006AE016 /* Build configuration list for PBXNativeTarget "FireBaseLoginDemoUITests" */ = {
			isa = XCConfigurationList;
			buildConfigurations = (
				AC8DFE0A2B121153006AE016 /* Debug */,
				AC8DFE0B2B121153006AE016 /* Release */,
			);
			defaultConfigurationIsVisible = 0;
			defaultConfigurationName = Release;
		};
/* End XCConfigurationList section */
	};
	rootObject = AC8DFDD72B121151006AE016 /* Project object */;
}
